
Microsoft Visual Studio Solution File, Format Version 12.00
# Visual Studio Version 17
VisualStudioVersion = 17.4.33122.133
MinimumVisualStudioVersion = 10.0.40219.1
Project("{FAE04EC0-301F-11D3-BF4B-00C04F79EFBC}") = "TASK12", "TASK12.csproj", "{4B3D09AC-CD20-48F3-8C76-563DD969BA4C}"
EndProject
Global
	GlobalSection(SolutionConfigurationPlatforms) = preSolution
		Debug|Any CPU = Debug|Any CPU
		Release|Any CPU = Release|Any CPU
	EndGlobalSection
	GlobalSection(ProjectConfigurationPlatforms) = postSolution
		{4B3D09AC-CD20-48F3-8C76-563DD969BA4C}.Debug|Any CPU.ActiveCfg = Debug|Any CPU
		{4B3D09AC-CD20-48F3-8C76-563DD969BA4C}.Debug|Any CPU.Build.0 = Debug|Any CPU
		{4B3D09AC-CD20-48F3-8C76-563DD969BA4C}.Release|Any CPU.ActiveCfg = Release|Any CPU
		{4B3D09AC-CD20-48F3-8C76-563DD969BA4C}.Release|Any CPU.Build.0 = Release|Any CPU
	EndGlobalSection
	GlobalSection(SolutionProperties) = preSolution
		HideSolutionNode = FALSE
	EndGlobalSection
	GlobalSection(ExtensibilityGlobals) = postSolution
		SolutionGuid = {42D487DC-8490-42FE-BCA6-B359EA041D61}
	EndGlobalSection
EndGlobal
